
Microsoft Visual Studio Solution File, Format Version 12.00
# Visual Studio Version 17
VisualStudioVersion = 17.12.35707.178
MinimumVisualStudioVersion = 10.0.40219.1
Project("{FAE04EC0-301F-11D3-BF4B-00C04F79EFBC}") = "Tasks.Api", "Tasks.Api\Tasks.Api.csproj", "{AA25E3B5-123E-436F-9899-621004502980}"
EndProject
Project("{FAE04EC0-301F-11D3-BF4B-00C04F79EFBC}") = "Tasks.Core", "Tasks.Core\Tasks.Core.csproj", "{5025976A-C76F-4467-AC3F-3E2955364FD9}"
EndProject
Project("{FAE04EC0-301F-11D3-BF4B-00C04F79EFBC}") = "Task.Test", "Task.Test\Task.Test.csproj", "{B469DD5E-0C78-4AA5-A1C5-967FEA872A2A}"
EndProject
Global
	GlobalSection(SolutionConfigurationPlatforms) = preSolution
		Debug|Any CPU = Debug|Any CPU
		Release|Any CPU = Release|Any CPU
	EndGlobalSection
	GlobalSection(ProjectConfigurationPlatforms) = postSolution
		{AA25E3B5-123E-436F-9899-621004502980}.Debug|Any CPU.ActiveCfg = Debug|Any CPU
		{AA25E3B5-123E-436F-9899-621004502980}.Debug|Any CPU.Build.0 = Debug|Any CPU
		{AA25E3B5-123E-436F-9899-621004502980}.Release|Any CPU.ActiveCfg = Release|Any CPU
		{AA25E3B5-123E-436F-9899-621004502980}.Release|Any CPU.Build.0 = Release|Any CPU
		{5025976A-C76F-4467-AC3F-3E2955364FD9}.Debug|Any CPU.ActiveCfg = Debug|Any CPU
		{5025976A-C76F-4467-AC3F-3E2955364FD9}.Debug|Any CPU.Build.0 = Debug|Any CPU
		{5025976A-C76F-4467-AC3F-3E2955364FD9}.Release|Any CPU.ActiveCfg = Release|Any CPU
		{5025976A-C76F-4467-AC3F-3E2955364FD9}.Release|Any CPU.Build.0 = Release|Any CPU
		{B469DD5E-0C78-4AA5-A1C5-967FEA872A2A}.Debug|Any CPU.ActiveCfg = Debug|Any CPU
		{B469DD5E-0C78-4AA5-A1C5-967FEA872A2A}.Debug|Any CPU.Build.0 = Debug|Any CPU
		{B469DD5E-0C78-4AA5-A1C5-967FEA872A2A}.Release|Any CPU.ActiveCfg = Release|Any CPU
		{B469DD5E-0C78-4AA5-A1C5-967FEA872A2A}.Release|Any CPU.Build.0 = Release|Any CPU
	EndGlobalSection
	GlobalSection(SolutionProperties) = preSolution
		HideSolutionNode = FALSE
	EndGlobalSection
EndGlobal
